
Microsoft Visual Studio Solution File, Format Version 12.00
Project("{FAE04EC0-301F-11D3-BF4B-00C04F79EFBC}") = "PasswordStore.CLI", "PasswordStore.CLI\PasswordStore.CLI.csproj", "{06C0B5F8-60AA-4CFB-907C-CF2FD1F090D5}"
EndProject
Project("{FAE04EC0-301F-11D3-BF4B-00C04F79EFBC}") = "PasswordStore.Lib", "PasswordStore.Lib\PasswordStore.Lib.csproj", "{A7729EF2-343B-4269-A8BD-B33E7D91B423}"
EndProject
Project("{FAE04EC0-301F-11D3-BF4B-00C04F79EFBC}") = "PasswordStore.Core", "PasswordStore.Core\PasswordStore.Core.csproj", "{1E8EF61C-221E-4E4A-B28C-A00202F9C5A6}"
EndProject
Project("{FAE04EC0-301F-11D3-BF4B-00C04F79EFBC}") = "PasswordStore.AppStarter", "PasswordStore.AppStarter\PasswordStore.AppStarter.csproj", "{02E71F47-A823-406D-87E0-CC6286981D8D}"
EndProject
Global
	GlobalSection(SolutionConfigurationPlatforms) = preSolution
		Debug|Any CPU = Debug|Any CPU
		Release|Any CPU = Release|Any CPU
	EndGlobalSection
	GlobalSection(ProjectConfigurationPlatforms) = postSolution
		{06C0B5F8-60AA-4CFB-907C-CF2FD1F090D5}.Debug|Any CPU.ActiveCfg = Debug|Any CPU
		{06C0B5F8-60AA-4CFB-907C-CF2FD1F090D5}.Debug|Any CPU.Build.0 = Debug|Any CPU
		{06C0B5F8-60AA-4CFB-907C-CF2FD1F090D5}.Release|Any CPU.ActiveCfg = Release|Any CPU
		{06C0B5F8-60AA-4CFB-907C-CF2FD1F090D5}.Release|Any CPU.Build.0 = Release|Any CPU
		{A7729EF2-343B-4269-A8BD-B33E7D91B423}.Debug|Any CPU.ActiveCfg = Debug|Any CPU
		{A7729EF2-343B-4269-A8BD-B33E7D91B423}.Debug|Any CPU.Build.0 = Debug|Any CPU
		{A7729EF2-343B-4269-A8BD-B33E7D91B423}.Release|Any CPU.ActiveCfg = Release|Any CPU
		{A7729EF2-343B-4269-A8BD-B33E7D91B423}.Release|Any CPU.Build.0 = Release|Any CPU
		{1E8EF61C-221E-4E4A-B28C-A00202F9C5A6}.Debug|Any CPU.ActiveCfg = Debug|Any CPU
		{1E8EF61C-221E-4E4A-B28C-A00202F9C5A6}.Debug|Any CPU.Build.0 = Debug|Any CPU
		{1E8EF61C-221E-4E4A-B28C-A00202F9C5A6}.Release|Any CPU.ActiveCfg = Release|Any CPU
		{1E8EF61C-221E-4E4A-B28C-A00202F9C5A6}.Release|Any CPU.Build.0 = Release|Any CPU
		{02E71F47-A823-406D-87E0-CC6286981D8D}.Debug|Any CPU.ActiveCfg = Debug|Any CPU
		{02E71F47-A823-406D-87E0-CC6286981D8D}.Debug|Any CPU.Build.0 = Debug|Any CPU
		{02E71F47-A823-406D-87E0-CC6286981D8D}.Release|Any CPU.ActiveCfg = Release|Any CPU
		{02E71F47-A823-406D-87E0-CC6286981D8D}.Release|Any CPU.Build.0 = Release|Any CPU
	EndGlobalSection
EndGlobal
